Microsoft Visual Studio Solution File, Format Version 11.00
# Visual Studio 2008

Project("{C9AA72D1-07E1-2DF1-F64B-3FF058B2EC2D}") = "Human Lifestyle Emulator", "Assembly-CSharp-firstpass.csproj", "{B394EACA-6D25-E792-6DFF-0A810C7B11CA}"
EndProject
Project("{C9AA72D1-07E1-2DF1-F64B-3FF058B2EC2D}") = "Human Lifestyle Emulator", "Assembly-CSharp.csproj", "{E1678524-EF0F-6A82-C86F-4BB8F76DEC6A}"
EndProject
Project("{C9AA72D1-07E1-2DF1-F64B-3FF058B2EC2D}") = "Human Lifestyle Emulator", "Assembly-UnityScript-firstpass.unityproj", "{2241A566-F057-9F47-FE5E-93E0FACE3FD5}"
EndProject
Global
	GlobalSection(SolutionConfigurationPlatforms) = preSolution
		Debug|Any CPU = Debug|Any CPU
		Release|Any CPU = Release|Any CPU
	EndGlobalSection
	GlobalSection(ProjectConfigurationPlatforms) = postSolution
		{B394EACA-6D25-E792-6DFF-0A810C7B11CA}.Debug|Any CPU.ActiveCfg = Debug|Any CPU
		{B394EACA-6D25-E792-6DFF-0A810C7B11CA}.Debug|Any CPU.Build.0 = Debug|Any CPU
		{B394EACA-6D25-E792-6DFF-0A810C7B11CA}.Release|Any CPU.ActiveCfg = Release|Any CPU
		{B394EACA-6D25-E792-6DFF-0A810C7B11CA}.Release|Any CPU.Build.0 = Release|Any CPU
		{E1678524-EF0F-6A82-C86F-4BB8F76DEC6A}.Debug|Any CPU.ActiveCfg = Debug|Any CPU
		{E1678524-EF0F-6A82-C86F-4BB8F76DEC6A}.Debug|Any CPU.Build.0 = Debug|Any CPU
		{E1678524-EF0F-6A82-C86F-4BB8F76DEC6A}.Release|Any CPU.ActiveCfg = Release|Any CPU
		{E1678524-EF0F-6A82-C86F-4BB8F76DEC6A}.Release|Any CPU.Build.0 = Release|Any CPU
		{2241A566-F057-9F47-FE5E-93E0FACE3FD5}.Debug|Any CPU.ActiveCfg = Debug|Any CPU
		{2241A566-F057-9F47-FE5E-93E0FACE3FD5}.Debug|Any CPU.Build.0 = Debug|Any CPU
		{2241A566-F057-9F47-FE5E-93E0FACE3FD5}.Release|Any CPU.ActiveCfg = Release|Any CPU
		{2241A566-F057-9F47-FE5E-93E0FACE3FD5}.Release|Any CPU.Build.0 = Release|Any CPU
	EndGlobalSection
	GlobalSection(SolutionProperties) = preSolution
		HideSolutionNode = FALSE
	EndGlobalSection
									GlobalSection(MonoDevelopProperties) = preSolution
		StartupItem = Assembly-CSharp.csproj
		Policies = $0
		$0.TextStylePolicy = $1
		$1.inheritsSet = null
		$1.scope = text/x-csharp
		$0.CSharpFormattingPolicy = $2
		$2.inheritsSet = Mono
		$2.inheritsScope = text/x-csharp
		$2.scope = text/x-csharp
		$0.TextStylePolicy = $3
		$3.FileWidth = 120
		$3.TabWidth = 4
		$3.EolMarker = Unix
		$3.inheritsSet = Mono
		$3.inheritsScope = text/plain
		$3.scope = text/plain
	EndGlobalSection

EndGlobal
